
Microsoft Visual Studio Solution File, Format Version 12.00
# Visual Studio 15
Project("{FAE04EC0-301F-11D3-BF4B-00C04F79EFBC}") = "Assembly-CSharp", "Assembly-CSharp.csproj", "{A50719D8-2003-238C-912A-F7E347464510}"
EndProject
Global
	GlobalSection(SolutionConfigurationPlatforms) = preSolution
		Debug|Any CPU = Debug|Any CPU
		Release|Any CPU = Release|Any CPU
	EndGlobalSection
	GlobalSection(ProjectConfigurationPlatforms) = postSolution
		{A50719D8-2003-238C-912A-F7E347464510}.Debug|Any CPU.ActiveCfg = Debug|Any CPU
		{A50719D8-2003-238C-912A-F7E347464510}.Debug|Any CPU.Build.0 = Debug|Any CPU
		{A50719D8-2003-238C-912A-F7E347464510}.Release|Any CPU.ActiveCfg = Release|Any CPU
		{A50719D8-2003-238C-912A-F7E347464510}.Release|Any CPU.Build.0 = Release|Any CPU
	EndGlobalSection
	GlobalSection(SolutionProperties) = preSolution
		HideSolutionNode = FALSE
	EndGlobalSection
EndGlobal
